
Microsoft Visual Studio Solution File, Format Version 12.00
# Visual Studio Version 17
VisualStudioVersion = 17.13.35931.197
MinimumVisualStudioVersion = 10.0.40219.1
Project("{FAE04EC0-301F-11D3-BF4B-00C04F79EFBC}") = "FixMate.Web", "FixMate.Web.csproj", "{4922B776-4ADF-4286-A595-EEC659DBA01D}"
	ProjectSection(ProjectDependencies) = postProject
		{32647E61-FAA8-E2C1-6AED-B53C51F15657} = {32647E61-FAA8-E2C1-6AED-B53C51F15657}
	EndProjectSection
EndProject
Project("{FAE04EC0-301F-11D3-BF4B-00C04F79EFBC}") = "FixMate.Domain", "..\Fixmate.Domain\FixMate.Domain.csproj", "{32647E61-FAA8-E2C1-6AED-B53C51F15657}"
EndProject
Project("{FAE04EC0-301F-11D3-BF4B-00C04F79EFBC}") = "FixMate.Application", "..\FixMate.Application\FixMate.Application.csproj", "{CA3F0C97-3D46-84BC-48DB-527FC9EB420F}"
EndProject
Project("{FAE04EC0-301F-11D3-BF4B-00C04F79EFBC}") = "FixMate.Infrastructure", "..\FixMate.Infrastructure\FixMate.Infrastructure.csproj", "{5FCD5F11-97C5-81C3-4ED0-2EB187DEF5BA}"
EndProject
Project("{FAE04EC0-301F-11D3-BF4B-00C04F79EFBC}") = "FixMate.Web.Tests", "..\FixMate.Web.Tests\FixMate.Web.Tests.csproj", "{A0C31022-B832-927E-2811-C5373FFADAFC}"
EndProject
Global
	GlobalSection(SolutionConfigurationPlatforms) = preSolution
		Debug|Any CPU = Debug|Any CPU
		Release|Any CPU = Release|Any CPU
	EndGlobalSection
	GlobalSection(ProjectConfigurationPlatforms) = postSolution
		{4922B776-4ADF-4286-A595-EEC659DBA01D}.Debug|Any CPU.ActiveCfg = Debug|Any CPU
		{4922B776-4ADF-4286-A595-EEC659DBA01D}.Debug|Any CPU.Build.0 = Debug|Any CPU
		{4922B776-4ADF-4286-A595-EEC659DBA01D}.Release|Any CPU.ActiveCfg = Release|Any CPU
		{4922B776-4ADF-4286-A595-EEC659DBA01D}.Release|Any CPU.Build.0 = Release|Any CPU
		{32647E61-FAA8-E2C1-6AED-B53C51F15657}.Debug|Any CPU.ActiveCfg = Debug|Any CPU
		{32647E61-FAA8-E2C1-6AED-B53C51F15657}.Debug|Any CPU.Build.0 = Debug|Any CPU
		{32647E61-FAA8-E2C1-6AED-B53C51F15657}.Release|Any CPU.ActiveCfg = Release|Any CPU
		{32647E61-FAA8-E2C1-6AED-B53C51F15657}.Release|Any CPU.Build.0 = Release|Any CPU
		{CA3F0C97-3D46-84BC-48DB-527FC9EB420F}.Debug|Any CPU.ActiveCfg = Debug|Any CPU
		{CA3F0C97-3D46-84BC-48DB-527FC9EB420F}.Debug|Any CPU.Build.0 = Debug|Any CPU
		{CA3F0C97-3D46-84BC-48DB-527FC9EB420F}.Release|Any CPU.ActiveCfg = Release|Any CPU
		{CA3F0C97-3D46-84BC-48DB-527FC9EB420F}.Release|Any CPU.Build.0 = Release|Any CPU
		{5FCD5F11-97C5-81C3-4ED0-2EB187DEF5BA}.Debug|Any CPU.ActiveCfg = Debug|Any CPU
		{5FCD5F11-97C5-81C3-4ED0-2EB187DEF5BA}.Debug|Any CPU.Build.0 = Debug|Any CPU
		{5FCD5F11-97C5-81C3-4ED0-2EB187DEF5BA}.Release|Any CPU.ActiveCfg = Release|Any CPU
		{5FCD5F11-97C5-81C3-4ED0-2EB187DEF5BA}.Release|Any CPU.Build.0 = Release|Any CPU
		{A0C31022-B832-927E-2811-C5373FFADAFC}.Debug|Any CPU.ActiveCfg = Debug|Any CPU
		{A0C31022-B832-927E-2811-C5373FFADAFC}.Debug|Any CPU.Build.0 = Debug|Any CPU
		{A0C31022-B832-927E-2811-C5373FFADAFC}.Release|Any CPU.ActiveCfg = Release|Any CPU
		{A0C31022-B832-927E-2811-C5373FFADAFC}.Release|Any CPU.Build.0 = Release|Any CPU
	EndGlobalSection
	GlobalSection(SolutionProperties) = preSolution
		HideSolutionNode = FALSE
	EndGlobalSection
	GlobalSection(ExtensibilityGlobals) = postSolution
		SolutionGuid = {B43612DC-4E61-43D4-80A9-A44608372160}
	EndGlobalSection
EndGlobal
